
Microsoft Visual Studio Solution File, Format Version 12.00
# Visual Studio 15
VisualStudioVersion = 15.0.27428.2037
MinimumVisualStudioVersion = 10.0.40219.1
Project("{FAE04EC0-301F-11D3-BF4B-00C04F79EFBC}") = "NumbersToWords", "NumbersToWords\NumbersToWords.csproj", "{D669C46A-D66F-48B4-B00F-6C065CDE97E0}"
EndProject
Global
	GlobalSection(SolutionConfigurationPlatforms) = preSolution
		Debug|Any CPU = Debug|Any CPU
		Release|Any CPU = Release|Any CPU
	EndGlobalSection
	GlobalSection(ProjectConfigurationPlatforms) = postSolution
		{D669C46A-D66F-48B4-B00F-6C065CDE97E0}.Debug|Any CPU.ActiveCfg = Debug|Any CPU
		{D669C46A-D66F-48B4-B00F-6C065CDE97E0}.Debug|Any CPU.Build.0 = Debug|Any CPU
		{D669C46A-D66F-48B4-B00F-6C065CDE97E0}.Release|Any CPU.ActiveCfg = Release|Any CPU
		{D669C46A-D66F-48B4-B00F-6C065CDE97E0}.Release|Any CPU.Build.0 = Release|Any CPU
	EndGlobalSection
	GlobalSection(SolutionProperties) = preSolution
		HideSolutionNode = FALSE
	EndGlobalSection
	GlobalSection(ExtensibilityGlobals) = postSolution
		SolutionGuid = {6F5BA35B-A0CE-4C7B-A62E-8B87B1FE9B88}
	EndGlobalSection
EndGlobal
